
Microsoft Visual Studio Solution File, Format Version 12.00
# Visual Studio Version 17
VisualStudioVersion = 17.6.33815.320
MinimumVisualStudioVersion = 10.0.40219.1
Project("{FAE04EC0-301F-11D3-BF4B-00C04F79EFBC}") = "TrianglePrograms", "TrianglePrograms.csproj", "{99A823CA-422C-42B4-8578-B99B163F41A4}"
EndProject
Global
	GlobalSection(SolutionConfigurationPlatforms) = preSolution
		Debug|Any CPU = Debug|Any CPU
		Release|Any CPU = Release|Any CPU
	EndGlobalSection
	GlobalSection(ProjectConfigurationPlatforms) = postSolution
		{99A823CA-422C-42B4-8578-B99B163F41A4}.Debug|Any CPU.ActiveCfg = Debug|Any CPU
		{99A823CA-422C-42B4-8578-B99B163F41A4}.Debug|Any CPU.Build.0 = Debug|Any CPU
		{99A823CA-422C-42B4-8578-B99B163F41A4}.Release|Any CPU.ActiveCfg = Release|Any CPU
		{99A823CA-422C-42B4-8578-B99B163F41A4}.Release|Any CPU.Build.0 = Release|Any CPU
	EndGlobalSection
	GlobalSection(SolutionProperties) = preSolution
		HideSolutionNode = FALSE
	EndGlobalSection
	GlobalSection(ExtensibilityGlobals) = postSolution
		SolutionGuid = {1C38A34F-6821-4C9F-B4AB-5D818D773924}
	EndGlobalSection
EndGlobal
